#MicroXplorer Configuration settings - do not modify
Mcu.Family=STM32H7
RCC.DIVQ2Freq_Value=50390625
RCC.PLLSourceVirtual=RCC_PLLSOURCE_HSE
ProjectManager.MainLocation=Src
ProjectManager.ProjectFileName=CNN_test.ioc
RCC.SAI1Freq_Value=400937500
CORTEX_M7.CPU_ICache=Enabled
RCC.CortexFreq_Value=400937500
STMicroelectronics.X-CUBE-AI.5.0.0.ValidationOutputFileHistory-053d86f047c5541774bb7a52308ea3d44764e6b6f961d5bbc01c9aee4cf8b4b4=
STMicroelectronics.X-CUBE-AI.5.0.0.HeapSize=0x200
ProjectManager.KeepUserCode=true
Mcu.PinsNb=6
Mcu.UserName=STM32H743IITx
RCC.HPRE=RCC_HCLK_DIV2
ProjectManager.NoMain=false
PH0-OSC_IN\ (PH0).Signal=RCC_OSC_IN
RCC.SWPMI1Freq_Value=100234375
RCC.SAI4BFreq_Value=400937500
STMicroelectronics.X-CUBE-AI.5.0.0.XAaCUBEAaAICcArtificialOoIntelligenceJjCore=true
ProjectManager.functionlistsort=1-MX_GPIO_Init-GPIO-false-HAL-true,2-SystemClock_Config-RCC-false-HAL-false,0-MX_CORTEX_M7_Init-CORTEX_M7-false-HAL-true
STMicroelectronics.X-CUBE-AI.5.0.0.ModelStructureFile-053d86f047c5541774bb7a52308ea3d44764e6b6f961d5bbc01c9aee4cf8b4b4=/C\:/Case/case-Python/201114_keras_learn/h5/CNN17.h5
RCC.RTCFreq_Value=32000
RCC.D2PPRE2=RCC_APB2_DIV2
RCC.D2PPRE1=RCC_APB1_DIV2
ProjectManager.DefaultFWLocation=true
RCC.VCO2OutputFreq_Value=100781250
RCC.CpuClockFreq_Value=400937500
ProjectManager.DeletePrevious=true
RCC.QSPIFreq_Value=200468750
VP_STMicroelectronics.X-CUBE-AI_VS_ArtificialOoIntelligenceJjXAaCUBEAaAI_5.0.0.Mode=ArtificialOoIntelligenceJjXAaCUBEAaAI
VP_STMicroelectronics.X-CUBE-AI_VS_ArtificialOoIntelligenceJjApplication_5.0.0.Signal=STMicroelectronics.X-CUBE-AI_VS_ArtificialOoIntelligenceJjApplication_5.0.0
PinOutPanel.RotationAngle=0
RCC.FamilyName=M
PH1-OSC_OUT\ (PH1).Signal=RCC_OSC_OUT
RCC.MCO1PinFreq_Value=64000000
RCC.SYSCLKSource=RCC_SYSCLKSOURCE_PLLCLK
STMicroelectronics.X-CUBE-AI.5.0.0.LatestDirectoryUsed-053d86f047c5541774bb7a52308ea3d44764e6b6f961d5bbc01c9aee4cf8b4b4=C\:\\Case\\case-Python\\201114_keras_learn\\h5
ProjectManager.StackSize=0x400
RCC.AHB4Freq_Value=200468750
RCC.VCOInput3Freq_Value=781250
RCC.SPI6Freq_Value=100234375
RCC.D1CPREFreq_Value=400937500
RCC.LPTIM1Freq_Value=100234375
STMicroelectronics.X-CUBE-AI.5.0.0.StackSize=0x400
STMicroelectronics.X-CUBE-AI.5.0.0.ValidationInputFileHistory-053d86f047c5541774bb7a52308ea3d44764e6b6f961d5bbc01c9aee4cf8b4b4=
Mcu.IP4=SYS
Mcu.IP2=NVIC
NVIC.SVCall_IRQn=true\:0\:0\:false\:false\:true\:false\:false
Mcu.IP3=RCC
RCC.USART234578Freq_Value=100234375
Mcu.IP0=CORTEX_M7
Mcu.IP1=CRC
RCC.Tim1OutputFreq_Value=200468750
RCC.SPI45Freq_Value=100234375
RCC.SPI123Freq_Value=400937500
Mcu.UserConstants=
ProjectManager.TargetToolchain=EWARM V8.32
RCC.DIVP3Freq_Value=50390625
RCC.SDMMCFreq_Value=400937500
RCC.VCO1OutputFreq_Value=801875000
Mcu.ThirdPartyNb=1
VP_CRC_VS_CRC.Signal=CRC_VS_CRC
RCC.HCLKFreq_Value=200468750
RCC.I2C4Freq_Value=100234375
VP_STMicroelectronics.X-CUBE-AI_VS_ArtificialOoIntelligenceJjXAaCUBEAaAI_5.0.0.Signal=STMicroelectronics.X-CUBE-AI_VS_ArtificialOoIntelligenceJjXAaCUBEAaAI_5.0.0
Mcu.IPNb=5
ProjectManager.PreviousToolchain=
RCC.SPDIFRXFreq_Value=400937500
RCC.AXIClockFreq_Value=200468750
RCC.DIVN1=160
RCC.DIVQ3Freq_Value=50390625
STMicroelectronics.X-CUBE-AI.5.0.0.ApplicationCcArtificialOoIntelligenceJjApplication=ApplicationTemplate
RCC.USBFreq_Value=400937500
RCC.CKPERFreq_Value=64000000
Mcu.Pin0=PH0-OSC_IN (PH0)
Mcu.Pin1=PH1-OSC_OUT (PH1)
GPIO.groupedBy=
Mcu.Pin2=VP_CRC_VS_CRC
RCC.HRTIMFreq_Value=200468750
STMicroelectronics.X-CUBE-AI.5.0.0.WorkingBufferStartAddrList=0xFFFFFFFF
Mcu.Pin3=VP_SYS_VS_Systick
Mcu.Pin4=VP_STMicroelectronics.X-CUBE-AI_VS_ArtificialOoIntelligenceJjXAaCUBEAaAI_5.0.0
Mcu.Pin5=VP_STMicroelectronics.X-CUBE-AI_VS_ArtificialOoIntelligenceJjApplication_5.0.0
ProjectManager.ProjectBuild=false
PH1-OSC_OUT\ (PH1).Mode=HSE-External-Oscillator
RCC.DIVR3Freq_Value=50390625
RCC.HSE_VALUE=25000000
NVIC.UsageFault_IRQn=true\:0\:0\:false\:false\:true\:false\:false
STMicroelectronics.X-CUBE-AI.5.0.0.ModelCompression-053d86f047c5541774bb7a52308ea3d44764e6b6f961d5bbc01c9aee4cf8b4b4=8
NVIC.DebugMonitor_IRQn=true\:0\:0\:false\:false\:true\:false\:false
board=custom
NVIC.SysTick_IRQn=true\:0\:0\:false\:false\:true\:false\:true
RCC.DIVM1=5
STMicroelectronics.X-CUBE-AI.5.0.0.ModelFlashOccupation-053d86f047c5541774bb7a52308ea3d44764e6b6f961d5bbc01c9aee4cf8b4b4=6341224
ProjectManager.LastFirmware=true
STMicroelectronics.X-CUBE-AI.5.0.0.ModelMacc-053d86f047c5541774bb7a52308ea3d44764e6b6f961d5bbc01c9aee4cf8b4b4=11708630
RCC.VCOInput1Freq_Value=5000000
ProjectManager.FirmwarePackage=STM32Cube FW_H7 V1.7.0
MxDb.Version=DB.5.0.60
RCC.AHB12Freq_Value=200468750
RCC.APB2Freq_Value=100234375
Mcu.ThirdParty0=STMicroelectronics.X-CUBE-AI.5.0.0
RCC.DIVP1Freq_Value=400937500
ProjectManager.BackupPrevious=false
RCC.FMCFreq_Value=200468750
MxCube.Version=5.6.1
RCC.FDCANFreq_Value=400937500
RCC.RNGFreq_Value=48000000
RCC.ADCFreq_Value=50390625
RCC.USART16Freq_Value=100234375
File.Version=6
VP_SYS_VS_Systick.Mode=SysTick
STMicroelectronics.X-CUBE-AI.5.0.0.ModelKind-053d86f047c5541774bb7a52308ea3d44764e6b6f961d5bbc01c9aee4cf8b4b4=KERAS
NVIC.NonMaskableInt_IRQn=true\:0\:0\:false\:false\:true\:false\:false
STMicroelectronics.X-CUBE-AI.5.0.0.ModelRamOccupation-053d86f047c5541774bb7a52308ea3d44764e6b6f961d5bbc01c9aee4cf8b4b4=174080
NVIC.PendSV_IRQn=true\:0\:0\:false\:false\:true\:false\:false
ProjectManager.FreePins=false
RCC.DIVR2Freq_Value=50390625
RCC.IPParameters=ADCFreq_Value,AHB12Freq_Value,AHB4Freq_Value,APB1Freq_Value,APB2Freq_Value,APB3Freq_Value,APB4Freq_Value,AXIClockFreq_Value,CECFreq_Value,CKPERFreq_Value,CortexFreq_Value,CpuClockFreq_Value,D1CPREFreq_Value,D1PPRE,D2PPRE1,D2PPRE2,D3PPRE,DFSDMACLkFreq_Value,DFSDMFreq_Value,DIVM1,DIVN1,DIVP1Freq_Value,DIVP2Freq_Value,DIVP3Freq_Value,DIVQ1Freq_Value,DIVQ2Freq_Value,DIVQ3Freq_Value,DIVR1Freq_Value,DIVR2Freq_Value,DIVR3Freq_Value,FDCANFreq_Value,FMCFreq_Value,FamilyName,HCLK3ClockFreq_Value,HCLKFreq_Value,HPRE,HRTIMFreq_Value,HSE_VALUE,I2C123Freq_Value,I2C4Freq_Value,LPTIM1Freq_Value,LPTIM2Freq_Value,LPTIM345Freq_Value,LPUART1Freq_Value,LTDCFreq_Value,MCO1PinFreq_Value,MCO2PinFreq_Value,PLLSourceVirtual,QSPIFreq_Value,RNGFreq_Value,RTCFreq_Value,SAI1Freq_Value,SAI23Freq_Value,SAI4AFreq_Value,SAI4BFreq_Value,SDMMCFreq_Value,SPDIFRXFreq_Value,SPI123Freq_Value,SPI45Freq_Value,SPI6Freq_Value,SWPMI1Freq_Value,SYSCLKFreq_VALUE,SYSCLKSource,Tim1OutputFreq_Value,Tim2OutputFreq_Value,TraceFreq_Value,USART16Freq_Value,USART234578Freq_Value,USBFreq_Value,VCO1OutputFreq_Value,VCO2OutputFreq_Value,VCO3OutputFreq_Value,VCOInput1Freq_Value,VCOInput2Freq_Value,VCOInput3Freq_Value
ProjectManager.AskForMigrate=true
Mcu.Name=STM32H743IITx
RCC.LPTIM2Freq_Value=100234375
ProjectManager.HalAssertFull=false
RCC.DIVP2Freq_Value=50390625
ProjectManager.ProjectName=CNN_test
ProjectManager.UnderRoot=false
CORTEX_M7.IPParameters=CPU_ICache,CPU_DCache
STMicroelectronics.X-CUBE-AI.5.0.0.ModelName-053d86f047c5541774bb7a52308ea3d44764e6b6f961d5bbc01c9aee4cf8b4b4=network
RCC.APB3Freq_Value=100234375
ProjectManager.CoupleFile=false
RCC.MCO2PinFreq_Value=400937500
RCC.SYSCLKFreq_VALUE=400937500
Mcu.Package=LQFP176
RCC.I2C123Freq_Value=100234375
STMicroelectronics.X-CUBE-AI.5.0.0.ModelType-053d86f047c5541774bb7a52308ea3d44764e6b6f961d5bbc01c9aee4cf8b4b4=Saved model
NVIC.ForceEnableDMAVector=true
RCC.D1PPRE=RCC_APB3_DIV2
KeepUserPlacement=false
NVIC.MemoryManagement_IRQn=true\:0\:0\:false\:false\:true\:false\:false
ProjectManager.CompilerOptimize=6
ProjectManager.ToolChainLocation=C\:\\Case\\case-STM32\\200116_Angin_MCU_NN_learn\\8_CNN_test\\CNN_te's't\\
VP_SYS_VS_Systick.Signal=SYS_VS_Systick
STMicroelectronics.X-CUBE-AI.5.0.0.ArtificialOoIntelligenceJjXAaCUBEAaAI_Checked=true
ProjectManager.HeapSize=0x200
NVIC.HardFault_IRQn=true\:0\:0\:false\:false\:true\:false\:false
RCC.DIVR1Freq_Value=400937500
RCC.DFSDMFreq_Value=100234375
STMicroelectronics.X-CUBE-AI.5.0.0.ArtificialOoIntelligenceJjApplication_Checked=true
RCC.LPTIM345Freq_Value=100234375
ProjectManager.ComputerToolchain=false
RCC.LTDCFreq_Value=50390625
VP_STMicroelectronics.X-CUBE-AI_VS_ArtificialOoIntelligenceJjApplication_5.0.0.Mode=ArtificialOoIntelligenceJjApplication
RCC.SAI4AFreq_Value=400937500
NVIC.PriorityGroup=NVIC_PRIORITYGROUP_4
STMicroelectronics.X-CUBE-AI.5.0.0.IPParameters=XAaCUBEAaAICcArtificialOoIntelligenceJjCore,ApplicationCcArtificialOoIntelligenceJjApplication,HeapSize,StackSize,ModelName-053d86f047c5541774bb7a52308ea3d44764e6b6f961d5bbc01c9aee4cf8b4b4,ModelHashList,ModelNameList,WorkingBufferStartAddrList,ModelKind-053d86f047c5541774bb7a52308ea3d44764e6b6f961d5bbc01c9aee4cf8b4b4,ModelType-053d86f047c5541774bb7a52308ea3d44764e6b6f961d5bbc01c9aee4cf8b4b4,LatestDirectoryUsed-053d86f047c5541774bb7a52308ea3d44764e6b6f961d5bbc01c9aee4cf8b4b4,ModelFlashOccupation-053d86f047c5541774bb7a52308ea3d44764e6b6f961d5bbc01c9aee4cf8b4b4,ModelRamOccupation-053d86f047c5541774bb7a52308ea3d44764e6b6f961d5bbc01c9aee4cf8b4b4,ModelMacc-053d86f047c5541774bb7a52308ea3d44764e6b6f961d5bbc01c9aee4cf8b4b4,ModelActualCompression-053d86f047c5541774bb7a52308ea3d44764e6b6f961d5bbc01c9aee4cf8b4b4,ModelCompression-053d86f047c5541774bb7a52308ea3d44764e6b6f961d5bbc01c9aee4cf8b4b4,ModelStructureFile-053d86f047c5541774bb7a52308ea3d44764e6b6f961d5bbc01c9aee4cf8b4b4,ValidationInputFileHistory-053d86f047c5541774bb7a52308ea3d44764e6b6f961d5bbc01c9aee4cf8b4b4,ValidationOutputFileHistory-053d86f047c5541774bb7a52308ea3d44764e6b6f961d5bbc01c9aee4cf8b4b4
STMicroelectronics.X-CUBE-AI.5.0.0.ModelHashList=053d86f047c5541774bb7a52308ea3d44764e6b6f961d5bbc01c9aee4cf8b4b4
RCC.TraceFreq_Value=64000000
RCC.APB4Freq_Value=100234375
RCC.CECFreq_Value=32000
RCC.SAI23Freq_Value=400937500
RCC.DIVQ1Freq_Value=400937500
NVIC.BusFault_IRQn=true\:0\:0\:false\:false\:true\:false\:false
RCC.LPUART1Freq_Value=100234375
RCC.D3PPRE=RCC_APB4_DIV2
STMicroelectronics.X-CUBE-AI.5.0.0.ModelActualCompression-053d86f047c5541774bb7a52308ea3d44764e6b6f961d5bbc01c9aee4cf8b4b4=0.0
CORTEX_M7.CPU_DCache=Enabled
RCC.HCLK3ClockFreq_Value=200468750
STMicroelectronics.X-CUBE-AI.5.0.0_SwParameter=XAaCUBEAaAICcArtificialOoIntelligenceJjCore\:true;ApplicationCcArtificialOoIntelligenceJjApplication\:ApplicationTemplate;
RCC.VCOInput2Freq_Value=781250
RCC.APB1Freq_Value=100234375
VP_CRC_VS_CRC.Mode=CRC_Activate
PH0-OSC_IN\ (PH0).Mode=HSE-External-Oscillator
ProjectManager.CustomerFirmwarePackage=
ProjectManager.DeviceId=STM32H743IITx
RCC.Tim2OutputFreq_Value=200468750
ProjectManager.LibraryCopy=0
RCC.DFSDMACLkFreq_Value=400937500
RCC.VCO3OutputFreq_Value=100781250
STMicroelectronics.X-CUBE-AI.5.0.0.ModelNameList=network
