#MicroXplorer Configuration settings - do not modify
File.Version=6
GPIO.groupedBy=
KeepUserPlacement=false
Mcu.Family=STM32L4
Mcu.IP0=CRC
Mcu.IP1=NVIC
Mcu.IP2=RCC
Mcu.IP3=SYS
Mcu.IP4=USART2
Mcu.IPNb=5
Mcu.Name=STM32L431R(B-C)Tx
Mcu.Package=LQFP64
Mcu.Pin0=PC13
Mcu.Pin1=PH0-OSC_IN (PH0)
Mcu.Pin2=PH1-OSC_OUT (PH1)
Mcu.Pin3=PA2
Mcu.Pin4=PA3
Mcu.Pin5=VP_CRC_VS_CRC
Mcu.Pin6=VP_SYS_VS_Systick
Mcu.Pin7=VP_STMicroelectronics.X-CUBE-AI_VS_ArtificialOoIntelligenceJjXAaCUBEAaAI_5.0.0
Mcu.Pin8=VP_STMicroelectronics.X-CUBE-AI_VS_ArtificialOoIntelligenceJjApplication_5.0.0
Mcu.PinsNb=9
Mcu.ThirdParty0=STMicroelectronics.X-CUBE-AI.5.0.0
Mcu.ThirdPartyNb=1
Mcu.UserConstants=
Mcu.UserName=STM32L431RCTx
MxCube.Version=5.5.0
MxDb.Version=DB.5.0.50
NVIC.BusFault_IRQn=true\:0\:0\:false\:false\:true\:false\:false
NVIC.DebugMonitor_IRQn=true\:0\:0\:false\:false\:true\:false\:false
NVIC.ForceEnableDMAVector=true
NVIC.HardFault_IRQn=true\:0\:0\:false\:false\:true\:false\:false
NVIC.MemoryManagement_IRQn=true\:0\:0\:false\:false\:true\:false\:false
NVIC.NonMaskableInt_IRQn=true\:0\:0\:false\:false\:true\:false\:false
NVIC.PendSV_IRQn=true\:0\:0\:false\:false\:true\:false\:false
NVIC.PriorityGroup=NVIC_PRIORITYGROUP_4
NVIC.SVCall_IRQn=true\:0\:0\:false\:false\:true\:false\:false
NVIC.SysTick_IRQn=true\:0\:0\:false\:false\:true\:false\:true
NVIC.UsageFault_IRQn=true\:0\:0\:false\:false\:true\:false\:false
PA2.Mode=Asynchronous
PA2.Signal=USART2_TX
PA3.Mode=Asynchronous
PA3.Signal=USART2_RX
PC13.Locked=true
PC13.Signal=GPIO_Output
PCC.Checker=true
PCC.Line=STM32L4x1
PCC.MCU=STM32L431R(B-C)Tx
PCC.PartNumber=STM32L431RCTx
PCC.Seq0=0
PCC.Series=STM32L4
PCC.Temperature=25
PCC.Vdd=3.0
PH0-OSC_IN\ (PH0).Mode=HSE-External-Oscillator
PH0-OSC_IN\ (PH0).Signal=RCC_OSC_IN
PH1-OSC_OUT\ (PH1).Mode=HSE-External-Oscillator
PH1-OSC_OUT\ (PH1).Signal=RCC_OSC_OUT
PinOutPanel.RotationAngle=0
ProjectManager.AskForMigrate=true
ProjectManager.BackupPrevious=false
ProjectManager.CompilerOptimize=6
ProjectManager.ComputerToolchain=false
ProjectManager.CoupleFile=false
ProjectManager.CustomerFirmwarePackage=
ProjectManager.DefaultFWLocation=true
ProjectManager.DeletePrevious=true
ProjectManager.DeviceId=STM32L431RCTx
ProjectManager.FirmwarePackage=STM32Cube FW_L4 V1.15.0
ProjectManager.FreePins=false
ProjectManager.HalAssertFull=false
ProjectManager.HeapSize=0x200
ProjectManager.KeepUserCode=true
ProjectManager.LastFirmware=true
ProjectManager.LibraryCopy=0
ProjectManager.MainLocation=Src
ProjectManager.NoMain=false
ProjectManager.PreviousToolchain=
ProjectManager.ProjectBuild=false
ProjectManager.ProjectFileName=6_classifier_test.ioc
ProjectManager.ProjectName=6_classifier_test
ProjectManager.StackSize=0x400
ProjectManager.TargetToolchain=MDK-ARM V5.27
ProjectManager.ToolChainLocation=
ProjectManager.UnderRoot=false
ProjectManager.functionlistsort=1-MX_GPIO_Init-GPIO-false-HAL-true,2-SystemClock_Config-RCC-false-HAL-false,3-MX_CRC_Init-CRC-false-HAL-true,4-MX_USART2_UART_Init-USART2-false-HAL-true,5-MX_X_CUBE_AI_Init-STMicroelectronics.X-CUBE-AI.5.0.0-false-HAL-false,6-MX_X_CUBE_AI_Process-STMicroelectronics.X-CUBE-AI.5.0.0-false-HAL-false
RCC.ADCFreq_Value=32000000
RCC.AHBFreq_Value=80000000
RCC.APB1Freq_Value=80000000
RCC.APB1TimFreq_Value=80000000
RCC.APB2Freq_Value=80000000
RCC.APB2TimFreq_Value=80000000
RCC.CortexFreq_Value=80000000
RCC.FCLKCortexFreq_Value=80000000
RCC.FamilyName=M
RCC.HCLKFreq_Value=80000000
RCC.HSE_VALUE=8000000
RCC.HSI48_VALUE=48000000
RCC.HSI_VALUE=16000000
RCC.I2C1Freq_Value=80000000
RCC.I2C2Freq_Value=80000000
RCC.I2C3Freq_Value=80000000
RCC.IPParameters=ADCFreq_Value,AHBFreq_Value,APB1Freq_Value,APB1TimFreq_Value,APB2Freq_Value,APB2TimFreq_Value,CortexFreq_Value,FCLKCortexFreq_Value,FamilyName,HCLKFreq_Value,HSE_VALUE,HSI48_VALUE,HSI_VALUE,I2C1Freq_Value,I2C2Freq_Value,I2C3Freq_Value,LPTIM1Freq_Value,LPTIM2Freq_Value,LPUART1Freq_Value,LSCOPinFreq_Value,LSE_VALUE,LSI_VALUE,MCO1PinFreq_Value,MSI_VALUE,PLLN,PLLPoutputFreq_Value,PLLQoutputFreq_Value,PLLRCLKFreq_Value,PLLSAI1PoutputFreq_Value,PLLSAI1QoutputFreq_Value,PLLSAI1RoutputFreq_Value,PLLSourceVirtual,PWRFreq_Value,RNGFreq_Value,SAI1Freq_Value,SDMMCFreq_Value,SWPMI1Freq_Value,SYSCLKFreq_VALUE,SYSCLKSource,USART1Freq_Value,USART2Freq_Value,USART3Freq_Value,VCOInputFreq_Value,VCOOutputFreq_Value,VCOSAI1OutputFreq_Value
RCC.LPTIM1Freq_Value=80000000
RCC.LPTIM2Freq_Value=80000000
RCC.LPUART1Freq_Value=80000000
RCC.LSCOPinFreq_Value=32000
RCC.LSE_VALUE=32768
RCC.LSI_VALUE=32000
RCC.MCO1PinFreq_Value=80000000
RCC.MSI_VALUE=4000000
RCC.PLLN=20
RCC.PLLPoutputFreq_Value=22857142.85714286
RCC.PLLQoutputFreq_Value=80000000
RCC.PLLRCLKFreq_Value=80000000
RCC.PLLSAI1PoutputFreq_Value=9142857.142857144
RCC.PLLSAI1QoutputFreq_Value=32000000
RCC.PLLSAI1RoutputFreq_Value=32000000
RCC.PLLSourceVirtual=RCC_PLLSOURCE_HSE
RCC.PWRFreq_Value=80000000
RCC.RNGFreq_Value=32000000
RCC.SAI1Freq_Value=9142857.142857144
RCC.SDMMCFreq_Value=32000000
RCC.SWPMI1Freq_Value=80000000
RCC.SYSCLKFreq_VALUE=80000000
RCC.SYSCLKSource=RCC_SYSCLKSOURCE_PLLCLK
RCC.USART1Freq_Value=80000000
RCC.USART2Freq_Value=80000000
RCC.USART3Freq_Value=80000000
RCC.VCOInputFreq_Value=8000000
RCC.VCOOutputFreq_Value=160000000
RCC.VCOSAI1OutputFreq_Value=64000000
STMicroelectronics.X-CUBE-AI.5.0.0.ActivationBufferSizeList=168
STMicroelectronics.X-CUBE-AI.5.0.0.ApplicationCcArtificialOoIntelligenceJjApplication=ApplicationTemplate
STMicroelectronics.X-CUBE-AI.5.0.0.ArtificialOoIntelligenceJjApplication_Checked=true
STMicroelectronics.X-CUBE-AI.5.0.0.ArtificialOoIntelligenceJjXAaCUBEAaAI_Checked=true
STMicroelectronics.X-CUBE-AI.5.0.0.HeapSize=0x200
STMicroelectronics.X-CUBE-AI.5.0.0.IPParameters=XAaCUBEAaAICcArtificialOoIntelligenceJjCore,ApplicationCcArtificialOoIntelligenceJjApplication,HeapSize,StackSize,ModelName-fcabe2d751c630ebe41f8d3a62d4f5c2d35914d7581791dd73cc5c976e720de7,ModelHashList,ModelNameList,WorkingBufferStartAddrList,ModelType-fcabe2d751c630ebe41f8d3a62d4f5c2d35914d7581791dd73cc5c976e720de7,ModelKind-fcabe2d751c630ebe41f8d3a62d4f5c2d35914d7581791dd73cc5c976e720de7,LatestDirectoryUsed-fcabe2d751c630ebe41f8d3a62d4f5c2d35914d7581791dd73cc5c976e720de7,ModelStructureFile-fcabe2d751c630ebe41f8d3a62d4f5c2d35914d7581791dd73cc5c976e720de7,ModelFlashOccupation-fcabe2d751c630ebe41f8d3a62d4f5c2d35914d7581791dd73cc5c976e720de7,ModelRamOccupation-fcabe2d751c630ebe41f8d3a62d4f5c2d35914d7581791dd73cc5c976e720de7,ModelMacc-fcabe2d751c630ebe41f8d3a62d4f5c2d35914d7581791dd73cc5c976e720de7,ModelActualCompression-fcabe2d751c630ebe41f8d3a62d4f5c2d35914d7581791dd73cc5c976e720de7,NNModelInformation_AchievedCompression-fcabe2d751c630ebe41f8d3a62d4f5c2d35914d7581791dd73cc5c976e720de7,NNModelInformation_CompressionFactor-fcabe2d751c630ebe41f8d3a62d4f5c2d35914d7581791dd73cc5c976e720de7,NNModelInformation_EvaluationStatus-fcabe2d751c630ebe41f8d3a62d4f5c2d35914d7581791dd73cc5c976e720de7,NNModelInformation_HeapSizeNeeded-fcabe2d751c630ebe41f8d3a62d4f5c2d35914d7581791dd73cc5c976e720de7,NNModelInformation_ModelInSizeByName-fcabe2d751c630ebe41f8d3a62d4f5c2d35914d7581791dd73cc5c976e720de7,NNModelInformation_ModelMacc-fcabe2d751c630ebe41f8d3a62d4f5c2d35914d7581791dd73cc5c976e720de7,NNModelInformation_ModelName-fcabe2d751c630ebe41f8d3a62d4f5c2d35914d7581791dd73cc5c976e720de7,NNModelInformation_ModelOutSizeByName-fcabe2d751c630ebe41f8d3a62d4f5c2d35914d7581791dd73cc5c976e720de7,NNModelInformation_ModelRam-fcabe2d751c630ebe41f8d3a62d4f5c2d35914d7581791dd73cc5c976e720de7,NNModelInformation_ModelRom-fcabe2d751c630ebe41f8d3a62d4f5c2d35914d7581791dd73cc5c976e720de7,NNModelInformation_ModelSize-fcabe2d751c630ebe41f8d3a62d4f5c2d35914d7581791dd73cc5c976e720de7,NNModelInformation_NbOfParameters-fcabe2d751c630ebe41f8d3a62d4f5c2d35914d7581791dd73cc5c976e720de7,InternalRamActivationBufferMaxSize,ActivationBufferSizeList,MaximumNumberOfInputLayer,MaximumNumberOfOutputLayer,MaximumSizeOfInputLayer,MaximumSizeOfOutputLayer
STMicroelectronics.X-CUBE-AI.5.0.0.InternalRamActivationBufferMaxSize=AI_NETWORK_DATA_ACTIVATIONS_SIZE
STMicroelectronics.X-CUBE-AI.5.0.0.LatestDirectoryUsed-fcabe2d751c630ebe41f8d3a62d4f5c2d35914d7581791dd73cc5c976e720de7=C\:\\Users\\zilin\\Desktop
STMicroelectronics.X-CUBE-AI.5.0.0.MaximumNumberOfInputLayer=1
STMicroelectronics.X-CUBE-AI.5.0.0.MaximumNumberOfOutputLayer=1
STMicroelectronics.X-CUBE-AI.5.0.0.MaximumSizeOfInputLayer=3136
STMicroelectronics.X-CUBE-AI.5.0.0.MaximumSizeOfOutputLayer=40
STMicroelectronics.X-CUBE-AI.5.0.0.ModelActualCompression-fcabe2d751c630ebe41f8d3a62d4f5c2d35914d7581791dd73cc5c976e720de7=0.0
STMicroelectronics.X-CUBE-AI.5.0.0.ModelFlashOccupation-fcabe2d751c630ebe41f8d3a62d4f5c2d35914d7581791dd73cc5c976e720de7=101800
STMicroelectronics.X-CUBE-AI.5.0.0.ModelHashList=fcabe2d751c630ebe41f8d3a62d4f5c2d35914d7581791dd73cc5c976e720de7
STMicroelectronics.X-CUBE-AI.5.0.0.ModelKind-fcabe2d751c630ebe41f8d3a62d4f5c2d35914d7581791dd73cc5c976e720de7=KERAS
STMicroelectronics.X-CUBE-AI.5.0.0.ModelMacc-fcabe2d751c630ebe41f8d3a62d4f5c2d35914d7581791dd73cc5c976e720de7=25590
STMicroelectronics.X-CUBE-AI.5.0.0.ModelName-fcabe2d751c630ebe41f8d3a62d4f5c2d35914d7581791dd73cc5c976e720de7=network
STMicroelectronics.X-CUBE-AI.5.0.0.ModelNameList=network
STMicroelectronics.X-CUBE-AI.5.0.0.ModelRamOccupation-fcabe2d751c630ebe41f8d3a62d4f5c2d35914d7581791dd73cc5c976e720de7=168
STMicroelectronics.X-CUBE-AI.5.0.0.ModelStructureFile-fcabe2d751c630ebe41f8d3a62d4f5c2d35914d7581791dd73cc5c976e720de7=/C\:/Users/zilin/Desktop/classifier.h5
STMicroelectronics.X-CUBE-AI.5.0.0.ModelType-fcabe2d751c630ebe41f8d3a62d4f5c2d35914d7581791dd73cc5c976e720de7=Saved model
STMicroelectronics.X-CUBE-AI.5.0.0.NNModelInformation_AchievedCompression-fcabe2d751c630ebe41f8d3a62d4f5c2d35914d7581791dd73cc5c976e720de7=0.0
STMicroelectronics.X-CUBE-AI.5.0.0.NNModelInformation_CompressionFactor-fcabe2d751c630ebe41f8d3a62d4f5c2d35914d7581791dd73cc5c976e720de7=0.0
STMicroelectronics.X-CUBE-AI.5.0.0.NNModelInformation_EvaluationStatus-fcabe2d751c630ebe41f8d3a62d4f5c2d35914d7581791dd73cc5c976e720de7=NOT EVALUATED
STMicroelectronics.X-CUBE-AI.5.0.0.NNModelInformation_HeapSizeNeeded-fcabe2d751c630ebe41f8d3a62d4f5c2d35914d7581791dd73cc5c976e720de7=1024
STMicroelectronics.X-CUBE-AI.5.0.0.NNModelInformation_ModelInSizeByName-fcabe2d751c630ebe41f8d3a62d4f5c2d35914d7581791dd73cc5c976e720de7={input_0\=3136}
STMicroelectronics.X-CUBE-AI.5.0.0.NNModelInformation_ModelMacc-fcabe2d751c630ebe41f8d3a62d4f5c2d35914d7581791dd73cc5c976e720de7=25590
STMicroelectronics.X-CUBE-AI.5.0.0.NNModelInformation_ModelName-fcabe2d751c630ebe41f8d3a62d4f5c2d35914d7581791dd73cc5c976e720de7=network
STMicroelectronics.X-CUBE-AI.5.0.0.NNModelInformation_ModelOutSizeByName-fcabe2d751c630ebe41f8d3a62d4f5c2d35914d7581791dd73cc5c976e720de7={activation_2\=40}
STMicroelectronics.X-CUBE-AI.5.0.0.NNModelInformation_ModelRam-fcabe2d751c630ebe41f8d3a62d4f5c2d35914d7581791dd73cc5c976e720de7=168
STMicroelectronics.X-CUBE-AI.5.0.0.NNModelInformation_ModelRom-fcabe2d751c630ebe41f8d3a62d4f5c2d35914d7581791dd73cc5c976e720de7=101800
STMicroelectronics.X-CUBE-AI.5.0.0.NNModelInformation_ModelSize-fcabe2d751c630ebe41f8d3a62d4f5c2d35914d7581791dd73cc5c976e720de7=101800
STMicroelectronics.X-CUBE-AI.5.0.0.NNModelInformation_NbOfParameters-fcabe2d751c630ebe41f8d3a62d4f5c2d35914d7581791dd73cc5c976e720de7=25450
STMicroelectronics.X-CUBE-AI.5.0.0.StackSize=0x400
STMicroelectronics.X-CUBE-AI.5.0.0.WorkingBufferStartAddrList=0xFFFFFFFF
STMicroelectronics.X-CUBE-AI.5.0.0.XAaCUBEAaAICcArtificialOoIntelligenceJjCore=true
STMicroelectronics.X-CUBE-AI.5.0.0_SwParameter=XAaCUBEAaAICcArtificialOoIntelligenceJjCore\:true;ApplicationCcArtificialOoIntelligenceJjApplication\:ApplicationTemplate;
USART2.IPParameters=VirtualMode-Asynchronous
USART2.VirtualMode-Asynchronous=VM_ASYNC
VP_CRC_VS_CRC.Mode=CRC_Activate
VP_CRC_VS_CRC.Signal=CRC_VS_CRC
VP_STMicroelectronics.X-CUBE-AI_VS_ArtificialOoIntelligenceJjApplication_5.0.0.Mode=ArtificialOoIntelligenceJjApplication
VP_STMicroelectronics.X-CUBE-AI_VS_ArtificialOoIntelligenceJjApplication_5.0.0.Signal=STMicroelectronics.X-CUBE-AI_VS_ArtificialOoIntelligenceJjApplication_5.0.0
VP_STMicroelectronics.X-CUBE-AI_VS_ArtificialOoIntelligenceJjXAaCUBEAaAI_5.0.0.Mode=ArtificialOoIntelligenceJjXAaCUBEAaAI
VP_STMicroelectronics.X-CUBE-AI_VS_ArtificialOoIntelligenceJjXAaCUBEAaAI_5.0.0.Signal=STMicroelectronics.X-CUBE-AI_VS_ArtificialOoIntelligenceJjXAaCUBEAaAI_5.0.0
VP_SYS_VS_Systick.Mode=SysTick
VP_SYS_VS_Systick.Signal=SYS_VS_Systick
board=custom
